
Microsoft Visual Studio Solution File, Format Version 12.00
# Visual Studio 2012
Project("{FAE04EC0-301F-11D3-BF4B-00C04F79EFBC}") = "01. Sum of 3 numbers", "01. Sum of 3 numbers\01. Sum of 3 numbers.csproj", "{003B36A9-0870-4263-9E2A-C3819D91A6A7}"
EndProject
Project("{FAE04EC0-301F-11D3-BF4B-00C04F79EFBC}") = "02. Company Info", "02. Company Info\02. Company Info.csproj", "{1B10AF7C-0CB1-4194-A289-AB411B3F2A77}"
EndProject
Project("{FAE04EC0-301F-11D3-BF4B-00C04F79EFBC}") = "03. Circle", "03. Circle\03. Circle.csproj", "{D345EE09-78BE-4BCC-A07C-54D039ED7041}"
EndProject
Project("{FAE04EC0-301F-11D3-BF4B-00C04F79EFBC}") = "05. Numbers Comparer", "05. Numbers Comparer\05. Numbers Comparer.csproj", "{ABB0275B-DED8-469C-9A00-914233ABA714}"
EndProject
Project("{FAE04EC0-301F-11D3-BF4B-00C04F79EFBC}") = "06. Quadratic Equation", "06. Quadratic Equation\06. Quadratic Equation.csproj", "{D16FC60F-A84E-463A-8F35-22800CE1140B}"
EndProject
Project("{FAE04EC0-301F-11D3-BF4B-00C04F79EFBC}") = "07. Sum of five numbers", "07. Sum of five numbers\07. Sum of five numbers.csproj", "{AA5C4E7E-DA8D-4DFB-9034-CC25A7AA39D3}"
EndProject
Project("{FAE04EC0-301F-11D3-BF4B-00C04F79EFBC}") = "08. Numbers from 1 to N", "08. Numbers from 1 to N\08. Numbers from 1 to N.csproj", "{C5D5ECC9-BA2C-489D-8A1D-CC870645C8EE}"
EndProject
Project("{FAE04EC0-301F-11D3-BF4B-00C04F79EFBC}") = "09. Sum of N Numbers", "09. Sum of N Numbers\09. Sum of N Numbers.csproj", "{31890BB6-4BDF-48CD-9A63-25FD90C3451A}"
EndProject
Project("{FAE04EC0-301F-11D3-BF4B-00C04F79EFBC}") = "10. Fibonachi", "10. Fibonachi\10. Fibonachi.csproj", "{3E41C7F8-C1FE-4117-95D4-C49C3D116452}"
EndProject
Global
	GlobalSection(SolutionConfigurationPlatforms) = preSolution
		Debug|Any CPU = Debug|Any CPU
		Release|Any CPU = Release|Any CPU
	EndGlobalSection
	GlobalSection(ProjectConfigurationPlatforms) = postSolution
		{003B36A9-0870-4263-9E2A-C3819D91A6A7}.Debug|Any CPU.ActiveCfg = Debug|Any CPU
		{003B36A9-0870-4263-9E2A-C3819D91A6A7}.Debug|Any CPU.Build.0 = Debug|Any CPU
		{003B36A9-0870-4263-9E2A-C3819D91A6A7}.Release|Any CPU.ActiveCfg = Release|Any CPU
		{003B36A9-0870-4263-9E2A-C3819D91A6A7}.Release|Any CPU.Build.0 = Release|Any CPU
		{1B10AF7C-0CB1-4194-A289-AB411B3F2A77}.Debug|Any CPU.ActiveCfg = Debug|Any CPU
		{1B10AF7C-0CB1-4194-A289-AB411B3F2A77}.Debug|Any CPU.Build.0 = Debug|Any CPU
		{1B10AF7C-0CB1-4194-A289-AB411B3F2A77}.Release|Any CPU.ActiveCfg = Release|Any CPU
		{1B10AF7C-0CB1-4194-A289-AB411B3F2A77}.Release|Any CPU.Build.0 = Release|Any CPU
		{D345EE09-78BE-4BCC-A07C-54D039ED7041}.Debug|Any CPU.ActiveCfg = Debug|Any CPU
		{D345EE09-78BE-4BCC-A07C-54D039ED7041}.Debug|Any CPU.Build.0 = Debug|Any CPU
		{D345EE09-78BE-4BCC-A07C-54D039ED7041}.Release|Any CPU.ActiveCfg = Release|Any CPU
		{D345EE09-78BE-4BCC-A07C-54D039ED7041}.Release|Any CPU.Build.0 = Release|Any CPU
		{ABB0275B-DED8-469C-9A00-914233ABA714}.Debug|Any CPU.ActiveCfg = Debug|Any CPU
		{ABB0275B-DED8-469C-9A00-914233ABA714}.Debug|Any CPU.Build.0 = Debug|Any CPU
		{ABB0275B-DED8-469C-9A00-914233ABA714}.Release|Any CPU.ActiveCfg = Release|Any CPU
		{ABB0275B-DED8-469C-9A00-914233ABA714}.Release|Any CPU.Build.0 = Release|Any CPU
		{D16FC60F-A84E-463A-8F35-22800CE1140B}.Debug|Any CPU.ActiveCfg = Debug|Any CPU
		{D16FC60F-A84E-463A-8F35-22800CE1140B}.Debug|Any CPU.Build.0 = Debug|Any CPU
		{D16FC60F-A84E-463A-8F35-22800CE1140B}.Release|Any CPU.ActiveCfg = Release|Any CPU
		{D16FC60F-A84E-463A-8F35-22800CE1140B}.Release|Any CPU.Build.0 = Release|Any CPU
		{AA5C4E7E-DA8D-4DFB-9034-CC25A7AA39D3}.Debug|Any CPU.ActiveCfg = Debug|Any CPU
		{AA5C4E7E-DA8D-4DFB-9034-CC25A7AA39D3}.Debug|Any CPU.Build.0 = Debug|Any CPU
		{AA5C4E7E-DA8D-4DFB-9034-CC25A7AA39D3}.Release|Any CPU.ActiveCfg = Release|Any CPU
		{AA5C4E7E-DA8D-4DFB-9034-CC25A7AA39D3}.Release|Any CPU.Build.0 = Release|Any CPU
		{C5D5ECC9-BA2C-489D-8A1D-CC870645C8EE}.Debug|Any CPU.ActiveCfg = Debug|Any CPU
		{C5D5ECC9-BA2C-489D-8A1D-CC870645C8EE}.Debug|Any CPU.Build.0 = Debug|Any CPU
		{C5D5ECC9-BA2C-489D-8A1D-CC870645C8EE}.Release|Any CPU.ActiveCfg = Release|Any CPU
		{C5D5ECC9-BA2C-489D-8A1D-CC870645C8EE}.Release|Any CPU.Build.0 = Release|Any CPU
		{31890BB6-4BDF-48CD-9A63-25FD90C3451A}.Debug|Any CPU.ActiveCfg = Debug|Any CPU
		{31890BB6-4BDF-48CD-9A63-25FD90C3451A}.Debug|Any CPU.Build.0 = Debug|Any CPU
		{31890BB6-4BDF-48CD-9A63-25FD90C3451A}.Release|Any CPU.ActiveCfg = Release|Any CPU
		{31890BB6-4BDF-48CD-9A63-25FD90C3451A}.Release|Any CPU.Build.0 = Release|Any CPU
		{3E41C7F8-C1FE-4117-95D4-C49C3D116452}.Debug|Any CPU.ActiveCfg = Debug|Any CPU
		{3E41C7F8-C1FE-4117-95D4-C49C3D116452}.Debug|Any CPU.Build.0 = Debug|Any CPU
		{3E41C7F8-C1FE-4117-95D4-C49C3D116452}.Release|Any CPU.ActiveCfg = Release|Any CPU
		{3E41C7F8-C1FE-4117-95D4-C49C3D116452}.Release|Any CPU.Build.0 = Release|Any CPU
	EndGlobalSection
	GlobalSection(SolutionProperties) = preSolution
		HideSolutionNode = FALSE
	EndGlobalSection
EndGlobal
