
Microsoft Visual Studio Solution File, Format Version 12.00
# Visual Studio 2012
Project("{FAE04EC0-301F-11D3-BF4B-00C04F79EFBC}") = "01. Numbers from 1 to N", "01. Numbers from 1 to N\01. Numbers from 1 to N.csproj", "{732AA079-32D6-4C33-93F0-B96A2DFBF814}"
EndProject
Project("{FAE04EC0-301F-11D3-BF4B-00C04F79EFBC}") = "02. Not Divisible Numbers", "02. Not Divisible Numbers\02. Not Divisible Numbers.csproj", "{3BD66816-5C21-4FC8-A388-9F757F654A76}"
EndProject
Project("{FAE04EC0-301F-11D3-BF4B-00C04F79EFBC}") = "03. MMSA of N Numbers", "03. MMSA of N Numbers\03. MMSA of N Numbers.csproj", "{05A2B71B-19C3-4EF0-86A4-4B3DFD6A2DE3}"
EndProject
Project("{FAE04EC0-301F-11D3-BF4B-00C04F79EFBC}") = "04. Print a Deck", "04. Print a Deck\04. Print a Deck.csproj", "{170FA076-FF0C-4939-AFC9-F9B4966FA10B}"
EndProject
Project("{FAE04EC0-301F-11D3-BF4B-00C04F79EFBC}") = "05. Calculate!", "05. Calculate!\05. Calculate!.csproj", "{484D5779-436E-42B8-A997-51A9FD386C48}"
EndProject
Project("{FAE04EC0-301F-11D3-BF4B-00C04F79EFBC}") = "06. Calculate Again!", "06. Calculate Again!\06. Calculate Again!.csproj", "{2980F014-6278-4A6C-B08E-722FF22F515A}"
EndProject
Project("{FAE04EC0-301F-11D3-BF4B-00C04F79EFBC}") = "07. Calculate 3!", "07. Calculate 3!\07. Calculate 3!.csproj", "{D7359E5E-CA28-46BD-BA82-1CCE090C4202}"
EndProject
Project("{FAE04EC0-301F-11D3-BF4B-00C04F79EFBC}") = "08. Catalan Numbers", "08. Catalan Numbers\08. Catalan Numbers.csproj", "{1F40A1F2-28EA-4987-86E4-349F6398F34C}"
EndProject
Project("{FAE04EC0-301F-11D3-BF4B-00C04F79EFBC}") = "09. Matrix of Numbers", "09. Matrix of Numbers\09. Matrix of Numbers.csproj", "{42BBF4E2-2323-4395-BE54-40CB81A294F5}"
EndProject
Project("{FAE04EC0-301F-11D3-BF4B-00C04F79EFBC}") = "10. Odd and Even Product", "10. Odd and Even Product\10. Odd and Even Product.csproj", "{335BE95E-FF0A-44B4-B629-B4DBB6EA22D1}"
EndProject
Project("{FAE04EC0-301F-11D3-BF4B-00C04F79EFBC}") = "11. Binary to Decimal", "11. Binary to Decimal\11. Binary to Decimal.csproj", "{E5C17957-20C1-477F-A1C5-EEA4C9F44B40}"
EndProject
Project("{FAE04EC0-301F-11D3-BF4B-00C04F79EFBC}") = "12. Decimal to Binary", "12. Decimal to Binary\12. Decimal to Binary.csproj", "{D179F431-1A19-4C00-8BFD-F64F112D9563}"
EndProject
Project("{FAE04EC0-301F-11D3-BF4B-00C04F79EFBC}") = "13. Decimal to Hex", "13. Decimal to Hex\13. Decimal to Hex.csproj", "{6BD34DD3-12DF-42D8-BF12-AC0CF184D4A9}"
EndProject
Project("{FAE04EC0-301F-11D3-BF4B-00C04F79EFBC}") = "14. Hex to Decimal", "14. Hex to Decimal\14. Hex to Decimal.csproj", "{EB67D5D3-16B8-401B-9907-70008AB1C72A}"
EndProject
Project("{FAE04EC0-301F-11D3-BF4B-00C04F79EFBC}") = "15. GCD", "15. GCD\15. GCD.csproj", "{87DE0C0B-3113-4DA8-AC68-5D3D9E54244D}"
EndProject
Project("{FAE04EC0-301F-11D3-BF4B-00C04F79EFBC}") = "16. Trailing 0 in N!", "16. Trailing 0 in N!\16. Trailing 0 in N!.csproj", "{7BCBE64D-4E83-4E9B-B2E2-27EA668885B1}"
EndProject
Project("{FAE04EC0-301F-11D3-BF4B-00C04F79EFBC}") = "17. Spiral Matrix", "17. Spiral Matrix\17. Spiral Matrix.csproj", "{DF77B981-465C-463B-91E6-0EFF273A8AD5}"
EndProject
Global
	GlobalSection(SolutionConfigurationPlatforms) = preSolution
		Debug|Any CPU = Debug|Any CPU
		Release|Any CPU = Release|Any CPU
	EndGlobalSection
	GlobalSection(ProjectConfigurationPlatforms) = postSolution
		{732AA079-32D6-4C33-93F0-B96A2DFBF814}.Debug|Any CPU.ActiveCfg = Debug|Any CPU
		{732AA079-32D6-4C33-93F0-B96A2DFBF814}.Debug|Any CPU.Build.0 = Debug|Any CPU
		{732AA079-32D6-4C33-93F0-B96A2DFBF814}.Release|Any CPU.ActiveCfg = Release|Any CPU
		{732AA079-32D6-4C33-93F0-B96A2DFBF814}.Release|Any CPU.Build.0 = Release|Any CPU
		{3BD66816-5C21-4FC8-A388-9F757F654A76}.Debug|Any CPU.ActiveCfg = Debug|Any CPU
		{3BD66816-5C21-4FC8-A388-9F757F654A76}.Debug|Any CPU.Build.0 = Debug|Any CPU
		{3BD66816-5C21-4FC8-A388-9F757F654A76}.Release|Any CPU.ActiveCfg = Release|Any CPU
		{3BD66816-5C21-4FC8-A388-9F757F654A76}.Release|Any CPU.Build.0 = Release|Any CPU
		{05A2B71B-19C3-4EF0-86A4-4B3DFD6A2DE3}.Debug|Any CPU.ActiveCfg = Debug|Any CPU
		{05A2B71B-19C3-4EF0-86A4-4B3DFD6A2DE3}.Debug|Any CPU.Build.0 = Debug|Any CPU
		{05A2B71B-19C3-4EF0-86A4-4B3DFD6A2DE3}.Release|Any CPU.ActiveCfg = Release|Any CPU
		{05A2B71B-19C3-4EF0-86A4-4B3DFD6A2DE3}.Release|Any CPU.Build.0 = Release|Any CPU
		{170FA076-FF0C-4939-AFC9-F9B4966FA10B}.Debug|Any CPU.ActiveCfg = Debug|Any CPU
		{170FA076-FF0C-4939-AFC9-F9B4966FA10B}.Debug|Any CPU.Build.0 = Debug|Any CPU
		{170FA076-FF0C-4939-AFC9-F9B4966FA10B}.Release|Any CPU.ActiveCfg = Release|Any CPU
		{170FA076-FF0C-4939-AFC9-F9B4966FA10B}.Release|Any CPU.Build.0 = Release|Any CPU
		{484D5779-436E-42B8-A997-51A9FD386C48}.Debug|Any CPU.ActiveCfg = Debug|Any CPU
		{484D5779-436E-42B8-A997-51A9FD386C48}.Debug|Any CPU.Build.0 = Debug|Any CPU
		{484D5779-436E-42B8-A997-51A9FD386C48}.Release|Any CPU.ActiveCfg = Release|Any CPU
		{484D5779-436E-42B8-A997-51A9FD386C48}.Release|Any CPU.Build.0 = Release|Any CPU
		{2980F014-6278-4A6C-B08E-722FF22F515A}.Debug|Any CPU.ActiveCfg = Debug|Any CPU
		{2980F014-6278-4A6C-B08E-722FF22F515A}.Debug|Any CPU.Build.0 = Debug|Any CPU
		{2980F014-6278-4A6C-B08E-722FF22F515A}.Release|Any CPU.ActiveCfg = Release|Any CPU
		{2980F014-6278-4A6C-B08E-722FF22F515A}.Release|Any CPU.Build.0 = Release|Any CPU
		{D7359E5E-CA28-46BD-BA82-1CCE090C4202}.Debug|Any CPU.ActiveCfg = Debug|Any CPU
		{D7359E5E-CA28-46BD-BA82-1CCE090C4202}.Debug|Any CPU.Build.0 = Debug|Any CPU
		{D7359E5E-CA28-46BD-BA82-1CCE090C4202}.Release|Any CPU.ActiveCfg = Release|Any CPU
		{D7359E5E-CA28-46BD-BA82-1CCE090C4202}.Release|Any CPU.Build.0 = Release|Any CPU
		{1F40A1F2-28EA-4987-86E4-349F6398F34C}.Debug|Any CPU.ActiveCfg = Debug|Any CPU
		{1F40A1F2-28EA-4987-86E4-349F6398F34C}.Debug|Any CPU.Build.0 = Debug|Any CPU
		{1F40A1F2-28EA-4987-86E4-349F6398F34C}.Release|Any CPU.ActiveCfg = Release|Any CPU
		{1F40A1F2-28EA-4987-86E4-349F6398F34C}.Release|Any CPU.Build.0 = Release|Any CPU
		{42BBF4E2-2323-4395-BE54-40CB81A294F5}.Debug|Any CPU.ActiveCfg = Debug|Any CPU
		{42BBF4E2-2323-4395-BE54-40CB81A294F5}.Debug|Any CPU.Build.0 = Debug|Any CPU
		{42BBF4E2-2323-4395-BE54-40CB81A294F5}.Release|Any CPU.ActiveCfg = Release|Any CPU
		{42BBF4E2-2323-4395-BE54-40CB81A294F5}.Release|Any CPU.Build.0 = Release|Any CPU
		{335BE95E-FF0A-44B4-B629-B4DBB6EA22D1}.Debug|Any CPU.ActiveCfg = Debug|Any CPU
		{335BE95E-FF0A-44B4-B629-B4DBB6EA22D1}.Debug|Any CPU.Build.0 = Debug|Any CPU
		{335BE95E-FF0A-44B4-B629-B4DBB6EA22D1}.Release|Any CPU.ActiveCfg = Release|Any CPU
		{335BE95E-FF0A-44B4-B629-B4DBB6EA22D1}.Release|Any CPU.Build.0 = Release|Any CPU
		{E5C17957-20C1-477F-A1C5-EEA4C9F44B40}.Debug|Any CPU.ActiveCfg = Debug|Any CPU
		{E5C17957-20C1-477F-A1C5-EEA4C9F44B40}.Debug|Any CPU.Build.0 = Debug|Any CPU
		{E5C17957-20C1-477F-A1C5-EEA4C9F44B40}.Release|Any CPU.ActiveCfg = Release|Any CPU
		{E5C17957-20C1-477F-A1C5-EEA4C9F44B40}.Release|Any CPU.Build.0 = Release|Any CPU
		{D179F431-1A19-4C00-8BFD-F64F112D9563}.Debug|Any CPU.ActiveCfg = Debug|Any CPU
		{D179F431-1A19-4C00-8BFD-F64F112D9563}.Debug|Any CPU.Build.0 = Debug|Any CPU
		{D179F431-1A19-4C00-8BFD-F64F112D9563}.Release|Any CPU.ActiveCfg = Release|Any CPU
		{D179F431-1A19-4C00-8BFD-F64F112D9563}.Release|Any CPU.Build.0 = Release|Any CPU
		{6BD34DD3-12DF-42D8-BF12-AC0CF184D4A9}.Debug|Any CPU.ActiveCfg = Debug|Any CPU
		{6BD34DD3-12DF-42D8-BF12-AC0CF184D4A9}.Debug|Any CPU.Build.0 = Debug|Any CPU
		{6BD34DD3-12DF-42D8-BF12-AC0CF184D4A9}.Release|Any CPU.ActiveCfg = Release|Any CPU
		{6BD34DD3-12DF-42D8-BF12-AC0CF184D4A9}.Release|Any CPU.Build.0 = Release|Any CPU
		{EB67D5D3-16B8-401B-9907-70008AB1C72A}.Debug|Any CPU.ActiveCfg = Debug|Any CPU
		{EB67D5D3-16B8-401B-9907-70008AB1C72A}.Debug|Any CPU.Build.0 = Debug|Any CPU
		{EB67D5D3-16B8-401B-9907-70008AB1C72A}.Release|Any CPU.ActiveCfg = Release|Any CPU
		{EB67D5D3-16B8-401B-9907-70008AB1C72A}.Release|Any CPU.Build.0 = Release|Any CPU
		{87DE0C0B-3113-4DA8-AC68-5D3D9E54244D}.Debug|Any CPU.ActiveCfg = Debug|Any CPU
		{87DE0C0B-3113-4DA8-AC68-5D3D9E54244D}.Debug|Any CPU.Build.0 = Debug|Any CPU
		{87DE0C0B-3113-4DA8-AC68-5D3D9E54244D}.Release|Any CPU.ActiveCfg = Release|Any CPU
		{87DE0C0B-3113-4DA8-AC68-5D3D9E54244D}.Release|Any CPU.Build.0 = Release|Any CPU
		{7BCBE64D-4E83-4E9B-B2E2-27EA668885B1}.Debug|Any CPU.ActiveCfg = Debug|Any CPU
		{7BCBE64D-4E83-4E9B-B2E2-27EA668885B1}.Debug|Any CPU.Build.0 = Debug|Any CPU
		{7BCBE64D-4E83-4E9B-B2E2-27EA668885B1}.Release|Any CPU.ActiveCfg = Release|Any CPU
		{7BCBE64D-4E83-4E9B-B2E2-27EA668885B1}.Release|Any CPU.Build.0 = Release|Any CPU
		{DF77B981-465C-463B-91E6-0EFF273A8AD5}.Debug|Any CPU.ActiveCfg = Debug|Any CPU
		{DF77B981-465C-463B-91E6-0EFF273A8AD5}.Debug|Any CPU.Build.0 = Debug|Any CPU
		{DF77B981-465C-463B-91E6-0EFF273A8AD5}.Release|Any CPU.ActiveCfg = Release|Any CPU
		{DF77B981-465C-463B-91E6-0EFF273A8AD5}.Release|Any CPU.Build.0 = Release|Any CPU
	EndGlobalSection
	GlobalSection(SolutionProperties) = preSolution
		HideSolutionNode = FALSE
	EndGlobalSection
EndGlobal
