
Microsoft Visual Studio Solution File, Format Version 12.00
# Visual Studio 2012
Project("{FAE04EC0-301F-11D3-BF4B-00C04F79EFBC}") = "01. Numbers from 1 to N", "01. Numbers from 1 to N\01. Numbers from 1 to N.csproj", "{732AA079-32D6-4C33-93F0-B96A2DFBF814}"
EndProject
Project("{FAE04EC0-301F-11D3-BF4B-00C04F79EFBC}") = "02. Not Divisible Numbers", "02. Not Divisible Numbers\02. Not Divisible Numbers.csproj", "{3BD66816-5C21-4FC8-A388-9F757F654A76}"
EndProject
Project("{FAE04EC0-301F-11D3-BF4B-00C04F79EFBC}") = "03. MMSA of N Numbers", "03. MMSA of N Numbers\03. MMSA of N Numbers.csproj", "{05A2B71B-19C3-4EF0-86A4-4B3DFD6A2DE3}"
EndProject
Project("{FAE04EC0-301F-11D3-BF4B-00C04F79EFBC}") = "04. Print a Deck", "04. Print a Deck\04. Print a Deck.csproj", "{170FA076-FF0C-4939-AFC9-F9B4966FA10B}"
EndProject
Global
	GlobalSection(SolutionConfigurationPlatforms) = preSolution
		Debug|Any CPU = Debug|Any CPU
		Release|Any CPU = Release|Any CPU
	EndGlobalSection
	GlobalSection(ProjectConfigurationPlatforms) = postSolution
		{732AA079-32D6-4C33-93F0-B96A2DFBF814}.Debug|Any CPU.ActiveCfg = Debug|Any CPU
		{732AA079-32D6-4C33-93F0-B96A2DFBF814}.Debug|Any CPU.Build.0 = Debug|Any CPU
		{732AA079-32D6-4C33-93F0-B96A2DFBF814}.Release|Any CPU.ActiveCfg = Release|Any CPU
		{732AA079-32D6-4C33-93F0-B96A2DFBF814}.Release|Any CPU.Build.0 = Release|Any CPU
		{3BD66816-5C21-4FC8-A388-9F757F654A76}.Debug|Any CPU.ActiveCfg = Debug|Any CPU
		{3BD66816-5C21-4FC8-A388-9F757F654A76}.Debug|Any CPU.Build.0 = Debug|Any CPU
		{3BD66816-5C21-4FC8-A388-9F757F654A76}.Release|Any CPU.ActiveCfg = Release|Any CPU
		{3BD66816-5C21-4FC8-A388-9F757F654A76}.Release|Any CPU.Build.0 = Release|Any CPU
		{05A2B71B-19C3-4EF0-86A4-4B3DFD6A2DE3}.Debug|Any CPU.ActiveCfg = Debug|Any CPU
		{05A2B71B-19C3-4EF0-86A4-4B3DFD6A2DE3}.Debug|Any CPU.Build.0 = Debug|Any CPU
		{05A2B71B-19C3-4EF0-86A4-4B3DFD6A2DE3}.Release|Any CPU.ActiveCfg = Release|Any CPU
		{05A2B71B-19C3-4EF0-86A4-4B3DFD6A2DE3}.Release|Any CPU.Build.0 = Release|Any CPU
		{170FA076-FF0C-4939-AFC9-F9B4966FA10B}.Debug|Any CPU.ActiveCfg = Debug|Any CPU
		{170FA076-FF0C-4939-AFC9-F9B4966FA10B}.Debug|Any CPU.Build.0 = Debug|Any CPU
		{170FA076-FF0C-4939-AFC9-F9B4966FA10B}.Release|Any CPU.ActiveCfg = Release|Any CPU
		{170FA076-FF0C-4939-AFC9-F9B4966FA10B}.Release|Any CPU.Build.0 = Release|Any CPU
	EndGlobalSection
	GlobalSection(SolutionProperties) = preSolution
		HideSolutionNode = FALSE
	EndGlobalSection
EndGlobal
